{
  "requires": true,
  "lockfileVersion": 1,
  "dependencies": {
    "bootstrap": {
      "version": "3.4.1",
      "resolved": "https://registry.npmjs.org/bootstrap/-/bootstrap-3.4.1.tgz",
      "integrity": "sha512-yN5oZVmRCwe5aKwzRj6736nSmKDX7pLYwsXiCj/EYmo16hODaBiT4En5btW/jhBF/seV+XMx3aYwukYC3A49DA=="
    },
    "bootstrap-icons": {
      "version": "1.11.1",
      "resolved": "https://registry.npmjs.org/bootstrap-icons/-/bootstrap-icons-1.11.1.tgz",
      "integrity": "sha512-F0DDp7nKUX+x/QtpfRZ+XHFya60ng9nfdpdS59vDDfs4Uhuxp7zym/QavMsu/xx51txkoM9eVmpE7D08N35blw=="
    }
  }
}
