{
  "requires": true,
  "lockfileVersion": 1,
  "dependencies": {
    "bootstrap": {
      "version": "5.3.1",
      "resolved": "https://registry.npmjs.org/bootstrap/-/bootstrap-5.3.1.tgz",
      "integrity": "sha512-jzwza3Yagduci2x0rr9MeFSORjcHpt0lRZukZPZQJT1Dth5qzV7XcgGqYzi39KGAVYR8QEDVoO0ubFKOxzMG+g=="
    },
    "bootstrap-icons": {
      "version": "1.11.1",
      "resolved": "https://registry.npmjs.org/bootstrap-icons/-/bootstrap-icons-1.11.1.tgz",
      "integrity": "sha512-F0DDp7nKUX+x/QtpfRZ+XHFya60ng9nfdpdS59vDDfs4Uhuxp7zym/QavMsu/xx51txkoM9eVmpE7D08N35blw=="
    }
  }
}
